{
  "_comment": "Single-commit ancestry pin. All bin-* services share one monorepo lineage.",
  "pin_strategy": "ancestry-based single commit",
  "target_commit": "9010e457e7082b0f028a4e96f3b467dc0c34d5fb",
  "target_commit_desc": "VOIP-1305-Fix-confbridge-recording-ids-uuid-encoding (2026-08-10)",
  "dbscheme_monorepo_commit": "9010e457e7082b0f028a4e96f3b467dc0c34d5fb",
  "generated": "2026-08-12T12:45:52.848534Z",
  "generated_by": "scripts/generate-versions-lock.sh",
  "images": {
    "voipbin/bin-agent-manager": "sha256:c3ef215c7142b86db817b0ce1ebf2da627c16105cc78b36e2b70ea8edb7f424f",
    "voipbin/bin-ai-manager": "sha256:fec988a16eed8a4cd164dab9e554ebd02290ce3d8277785eef89253514d1945f",
    "voipbin/bin-api-manager": "sha256:ee4ec701bf7b7a99785c5aaaf3acdc804ba16418bfc1db7962e85816ada2614b",
    "voipbin/bin-billing-manager": "sha256:a69cc7b5f98e894957fccd386eb6c29c8bd83f9487c951b63d80a7fbc6977deb",
    "voipbin/bin-call-manager": "sha256:925e9d620ab71ca82214b01ae57ff57377f8fbb3ec371d45ff190f2184510942",
    "voipbin/bin-campaign-manager": "sha256:218e620fa20a37ded40105596e09c694a9a8999d2880d17c45bc552137a6100c",
    "voipbin/bin-conference-manager": "sha256:93cd5ccfecdebb151c44776b3c32b7af5e6cd653ba57fc1adc55bd6af0bc0774",
    "voipbin/bin-contact-manager": "sha256:3584877e61eeab37909fb89cb3640868a13a4d0eb2aaf288ff764c7a4fdf4e30",
    "voipbin/bin-conversation-manager": "sha256:f2ea516068baa80fb15c28075b8c40a4d68cd8e15d8a558f8a7c21772fd2ee0c",
    "voipbin/bin-customer-manager": "sha256:c253b6f9e114000ac19eec0d27ca2bb3df4e8a777479ce367647c8ca2222e001",
    "voipbin/bin-direct-manager": "sha256:05afd0105b652af1b21262b1372f3a6d3bf087860511ef8c337dd2325b0b39e2",
    "voipbin/bin-email-manager": "sha256:9869e4e39ad1dc8518a95b343fff29c6e35722bd9bfc09e150dfbcb3e493cdea",
    "voipbin/bin-flow-manager": "sha256:4a0c77efe72cfb72abfa33c45eaf6142223376b6e09d4aa5ec8c8021165558b3",
    "voipbin/bin-hook-manager": "sha256:bcf989d1b358f54130e231cf777ece1b0a999cbbf10ff1d55fb3e42cfd241462",
    "voipbin/bin-message-manager": "sha256:5daa83c77fb69187ba10dc73033194fe7f08dc98720a02d7bc8253568e88a03b",
    "voipbin/bin-number-manager": "sha256:709822759b93a1560423b2be97267b13d95f4e86ef62eb228bae61a210c28770",
    "voipbin/bin-outdial-manager": "sha256:817e7d5f50a5d1c98fd8b775b3d5c4b94707a24abc76d98caa10389224fcdd46",
    "voipbin/bin-pipecat-manager": "sha256:e886a022d6ea5cba537482faadb0b6b0078daa90d1e25134cd1c73351a8956d0",
    "voipbin/bin-queue-manager": "sha256:9c187b484be3689b3be97cc6f5adc1d227321dbd74ce1791ce2e4fa7a35443bd",
    "voipbin/bin-rag-manager": "sha256:753e42d43ed572d77fec2fad32a3ae8b4e8349f819efa91a4fc4295594284eb0",
    "voipbin/bin-registrar-manager": "sha256:ce6efa0159ed5812d3a3b5f12adbfdbc9a104c02939c46432926cf5cd0a6b9c3",
    "voipbin/bin-route-manager": "sha256:b5ace11ccf5f0d4a1bf20884436c5dfe13e47fde8add76de4449511494c02d8a",
    "voipbin/bin-schedule-manager": "sha256:6d4570a38e4813c50b1dc286b0f12039fc78be9bd87ba33521413fe1a9e56f5d",
    "voipbin/bin-sentinel-manager": "sha256:25e7bbe382d8479e9619b7b9780385e7d739a0e81e4d4806af02879e3e41c7b7",
    "voipbin/bin-storage-manager": "sha256:416a239e581eb3847bde0e1b0eda7935cb5082284cbc8d973c4c562a7ec568ea",
    "voipbin/bin-tag-manager": "sha256:6c8de55ce4ae896d2b6814749cc50f7537e48399c8f4953ed940b8fbfe804743",
    "voipbin/bin-talk-manager": "sha256:55237785e4557f0923bb31f4dbfaecb94d6fd56efff920294dd139dc3f19860e",
    "voipbin/bin-timeline-manager": "sha256:4a7788ff894b6e5669673cda583666aef530db9db4fd4810bbebfaee5ea95aec",
    "voipbin/bin-transcribe-manager": "sha256:9f4c2dea01f64a687c95341d022c202826584d3b93b480ec44cf4bdc4c69938f",
    "voipbin/bin-transfer-manager": "sha256:ab9a042fbed4713c6db954757e5a06a412aa8d95722c5d38768a57be8a7a0e62",
    "voipbin/bin-tts-manager": "sha256:f6ac3fed699b89ee9d60e00665ba873879d7fef474b29c1b648faea5dd8942fd",
    "voipbin/bin-webchat-manager": "sha256:dccaeb9c424a285c83e438f10c73d6d7be9e807e779cf66f3689ef518fb8dbbe",
    "voipbin/bin-webhook-manager": "sha256:d0a33e192799da3d3a9a2644deaba07c55c7f3c55fd559fd40d0eb93588134f4",
    "voipbin/square-admin": "sha256:7d669682dee77925f765d4171332b58a5d1ce8d8c3633b46069556222f1f4eed",
    "voipbin/square-meet": "sha256:56ccd44d7cabc0c02724d17b39c2bc2c9e8e5fd1dd94365076ee8247821d6c8c",
    "voipbin/square-talk": "sha256:e3f7f6be89a02576b50093ce7ca1c8d0730626bae717e0c943af82794991a252",
    "voipbin/voip-asterisk-call": "sha256:b32ac7a4f52381b13906d3e60f1acd32b52ef709bcb701452418b9f68d52c8f1",
    "voipbin/voip-asterisk-conference": "sha256:9373e55da26ae4da02250543e94a5d1918e3cc7bda197c98ed712c21919a6780",
    "voipbin/voip-asterisk-proxy": "sha256:1f30231fb4bc52a475f74d6996b7e03d03d9e44ec87f36ebbf05d88079436cf5",
    "voipbin/voip-asterisk-registrar": "sha256:8e008c0704c9eee46e2675e69cbc9766fd1f5bdaebd58ecd029a2a135ea42466",
    "voipbin/voip-kamailio": "sha256:68657d319fa71169e0709f9712467a6916f76c02be7f5c10028737fc78fcee93",
    "voipbin/voip-rtpengine": "sha256:795adc2c6232af184267e6d4fc21ce87c32c285333a27273885ebe4a32c508de"
  },
  "image_source_tags": {
    "voipbin/bin-agent-manager": "ef3f540ddc2f15426dec439c7cf3371a819ecca6",
    "voipbin/bin-ai-manager": "cef5a0cb4384c2d6afba95ef9074c0122adf59e3",
    "voipbin/bin-api-manager": "aa93a2ab7b4401b54a2df323f3aad2bfe8fc0896",
    "voipbin/bin-billing-manager": "ef3f540ddc2f15426dec439c7cf3371a819ecca6",
    "voipbin/bin-call-manager": "9010e457e7082b0f028a4e96f3b467dc0c34d5fb",
    "voipbin/bin-campaign-manager": "76f3d27ca599b1473704764253a5c04bbdac1091",
    "voipbin/bin-conference-manager": "d831bb76c3c8a8c56281f420d8aecbd3107f645f",
    "voipbin/bin-contact-manager": "d831bb76c3c8a8c56281f420d8aecbd3107f645f",
    "voipbin/bin-conversation-manager": "c9275ca44a5a41ecbaac8c852b73516cd2b36bdc",
    "voipbin/bin-customer-manager": "c05c8d53c3e1b81a343f954a4ad87a5824471b05",
    "voipbin/bin-direct-manager": "d831bb76c3c8a8c56281f420d8aecbd3107f645f",
    "voipbin/bin-email-manager": "d831bb76c3c8a8c56281f420d8aecbd3107f645f",
    "voipbin/bin-flow-manager": "ef3f540ddc2f15426dec439c7cf3371a819ecca6",
    "voipbin/bin-hook-manager": "d831bb76c3c8a8c56281f420d8aecbd3107f645f",
    "voipbin/bin-message-manager": "3fce171f78df21fb775b688ce155912b98bf4cb0",
    "voipbin/bin-number-manager": "ef3f540ddc2f15426dec439c7cf3371a819ecca6",
    "voipbin/bin-outdial-manager": "d831bb76c3c8a8c56281f420d8aecbd3107f645f",
    "voipbin/bin-pipecat-manager": "d831bb76c3c8a8c56281f420d8aecbd3107f645f",
    "voipbin/bin-queue-manager": "ef3f540ddc2f15426dec439c7cf3371a819ecca6",
    "voipbin/bin-rag-manager": "d831bb76c3c8a8c56281f420d8aecbd3107f645f",
    "voipbin/bin-registrar-manager": "ef3f540ddc2f15426dec439c7cf3371a819ecca6",
    "voipbin/bin-route-manager": "d831bb76c3c8a8c56281f420d8aecbd3107f645f",
    "voipbin/bin-schedule-manager": "ef3f540ddc2f15426dec439c7cf3371a819ecca6",
    "voipbin/bin-sentinel-manager": "d831bb76c3c8a8c56281f420d8aecbd3107f645f",
    "voipbin/bin-storage-manager": "ef3f540ddc2f15426dec439c7cf3371a819ecca6",
    "voipbin/bin-tag-manager": "ef3f540ddc2f15426dec439c7cf3371a819ecca6",
    "voipbin/bin-talk-manager": "d831bb76c3c8a8c56281f420d8aecbd3107f645f",
    "voipbin/bin-timeline-manager": "d831bb76c3c8a8c56281f420d8aecbd3107f645f",
    "voipbin/bin-transcribe-manager": "ef3f540ddc2f15426dec439c7cf3371a819ecca6",
    "voipbin/bin-transfer-manager": "d831bb76c3c8a8c56281f420d8aecbd3107f645f",
    "voipbin/bin-tts-manager": "d831bb76c3c8a8c56281f420d8aecbd3107f645f",
    "voipbin/bin-webchat-manager": "d831bb76c3c8a8c56281f420d8aecbd3107f645f",
    "voipbin/bin-webhook-manager": "98f24eca469948cb040484bebaf3d5b286cf0bee",
    "voipbin/square-admin": "fc883fd9d4dd033997ff6217fd72624ee734e5c2",
    "voipbin/square-meet": "8f15d5b48f47aa3f3e491a6ee044e0543c1874d0",
    "voipbin/square-talk": "2825980a9efe9d5598dcfd434c29ed2f0f8a3e20",
    "voipbin/voip-asterisk-call": "3f3e54bf6b6a99ff7a8f1e6beb8992cf7560a548",
    "voipbin/voip-asterisk-conference": "3f3e54bf6b6a99ff7a8f1e6beb8992cf7560a548",
    "voipbin/voip-asterisk-proxy": "8e6b520ad33a5b9e11f83c72d9725b93aba8a303",
    "voipbin/voip-asterisk-registrar": "3f3e54bf6b6a99ff7a8f1e6beb8992cf7560a548",
    "voipbin/voip-kamailio": "8119b7a99acda936fe515ac8e729fa35f343abce",
    "voipbin/voip-rtpengine": "f585f6a3639fcd47a32c81c6bb891764c978ab74"
  },
  "note_separate_repos": [
    "square-*",
    "voip-* (asterisk/kamailio/rtpengine) are built from separate repos; pinned by timestamp proximity to 2026-02-20, not monorepo ancestry"
  ]
}
