{
  "_comment": "Single-commit ancestry pin. All bin-* services share one monorepo lineage.",
  "pin_strategy": "ancestry-based single commit",
  "target_commit": "27838fb63b47cbb03986f0faccd4fcb8ef8fe58d",
  "target_commit_desc": "VOIP-1283-Fix-seed-migration-bind-parameter (2026-08-01)",
  "dbscheme_monorepo_commit": "27838fb63b47cbb03986f0faccd4fcb8ef8fe58d",
  "generated": "2026-08-03T08:30:00.000000Z",
  "generated_by": "scripts/generate-versions-lock.sh",
  "images": {
    "voipbin/bin-agent-manager": "sha256:c225f5b4884e51f484944ec45e668a56a1c2f9219703e9c13b1e459a8efdaabe",
    "voipbin/bin-ai-manager": "sha256:cb3e370d0d32aa2e7fc91ebc47e497f20baa27a3b76796ae7e972cd3fdd473d0",
    "voipbin/bin-api-manager": "sha256:ff89e274b9afe3fe455ca1e978b7d3d34525d6323c2ad62d05320a5945fdcac1",
    "voipbin/bin-billing-manager": "sha256:abf4efa53177986f39aeba496008fff1958573b86278db31fb5dbdde278b6333",
    "voipbin/bin-call-manager": "sha256:d17e5dadd1cafa97f681ed676a4a92cfc385e4c6bfe048e86e45390197ad74b0",
    "voipbin/bin-campaign-manager": "sha256:9d6e58a6bb6a0c98546e2ef371d4d9ecd88d639a683b2cb56a8aaa018be1b531",
    "voipbin/bin-conference-manager": "sha256:93cd5ccfecdebb151c44776b3c32b7af5e6cd653ba57fc1adc55bd6af0bc0774",
    "voipbin/bin-contact-manager": "sha256:3584877e61eeab37909fb89cb3640868a13a4d0eb2aaf288ff764c7a4fdf4e30",
    "voipbin/bin-conversation-manager": "sha256:a49ed11cecd08f58349bde52504f6af939b4feeb254ee0a722b0bab8eedae4b5",
    "voipbin/bin-customer-manager": "sha256:d58493654f8734ea0fd6892eb1baefe3ba530d3be7d651519d0f84fe374f7f59",
    "voipbin/bin-direct-manager": "sha256:05afd0105b652af1b21262b1372f3a6d3bf087860511ef8c337dd2325b0b39e2",
    "voipbin/bin-email-manager": "sha256:9869e4e39ad1dc8518a95b343fff29c6e35722bd9bfc09e150dfbcb3e493cdea",
    "voipbin/bin-flow-manager": "sha256:4d16a9400bdc0a5aefc0881cae0eec401061970e9de118f33c03cd2f4be11b5f",
    "voipbin/bin-hook-manager": "sha256:bcf989d1b358f54130e231cf777ece1b0a999cbbf10ff1d55fb3e42cfd241462",
    "voipbin/bin-message-manager": "sha256:461f00503d07640599a47e671c32ba024ff1532f8611fdb0084795fed89e29d2",
    "voipbin/bin-number-manager": "sha256:6db58f264b850a15ef39274467693b63c62fac37154f146fe3ed280755f3d240",
    "voipbin/bin-outdial-manager": "sha256:817e7d5f50a5d1c98fd8b775b3d5c4b94707a24abc76d98caa10389224fcdd46",
    "voipbin/bin-pipecat-manager": "sha256:e886a022d6ea5cba537482faadb0b6b0078daa90d1e25134cd1c73351a8956d0",
    "voipbin/bin-queue-manager": "sha256:28e9d654d671de105175010f6697cf5b6b7b154ef62dd1bbcb3f13992dfbde4b",
    "voipbin/bin-rag-manager": "sha256:753e42d43ed572d77fec2fad32a3ae8b4e8349f819efa91a4fc4295594284eb0",
    "voipbin/bin-registrar-manager": "sha256:393f8f7ff09c89f039bae62408d95e12b728861430212420792b40493ac27fad",
    "voipbin/bin-route-manager": "sha256:b5ace11ccf5f0d4a1bf20884436c5dfe13e47fde8add76de4449511494c02d8a",
    "voipbin/bin-schedule-manager": "sha256:389535e5007a12cdf1730c8872179af286797745948393316380260dcaf3fa0c",
    "voipbin/bin-sentinel-manager": "sha256:25e7bbe382d8479e9619b7b9780385e7d739a0e81e4d4806af02879e3e41c7b7",
    "voipbin/bin-storage-manager": "sha256:eb931dac09b36c3825bee51c34a34540c5b38ad324eb4cb5f2c82a55b180fb10",
    "voipbin/bin-tag-manager": "sha256:59ae33d9be8dbf254d9aecff2c591e2c275f3561edc5a266a0bdb187eaf21712",
    "voipbin/bin-talk-manager": "sha256:55237785e4557f0923bb31f4dbfaecb94d6fd56efff920294dd139dc3f19860e",
    "voipbin/bin-timeline-manager": "sha256:4a7788ff894b6e5669673cda583666aef530db9db4fd4810bbebfaee5ea95aec",
    "voipbin/bin-transcribe-manager": "sha256:79d36da25599eb3215c6cf9663b583ef8b5ec08d7170902a49e3eb460aa020c9",
    "voipbin/bin-transfer-manager": "sha256:ab9a042fbed4713c6db954757e5a06a412aa8d95722c5d38768a57be8a7a0e62",
    "voipbin/bin-tts-manager": "sha256:f6ac3fed699b89ee9d60e00665ba873879d7fef474b29c1b648faea5dd8942fd",
    "voipbin/bin-webchat-manager": "sha256:dccaeb9c424a285c83e438f10c73d6d7be9e807e779cf66f3689ef518fb8dbbe",
    "voipbin/bin-webhook-manager": "sha256:9227d2a609f1b8b79c95b0878075798d4d2cf7f8531e93d4f39c2c3a4b80be3c",
    "voipbin/square-admin": "sha256:7d669682dee77925f765d4171332b58a5d1ce8d8c3633b46069556222f1f4eed",
    "voipbin/square-meet": "sha256:56ccd44d7cabc0c02724d17b39c2bc2c9e8e5fd1dd94365076ee8247821d6c8c",
    "voipbin/square-talk": "sha256:e3f7f6be89a02576b50093ce7ca1c8d0730626bae717e0c943af82794991a252",
    "voipbin/voip-asterisk-call": "sha256:b32ac7a4f52381b13906d3e60f1acd32b52ef709bcb701452418b9f68d52c8f1",
    "voipbin/voip-asterisk-conference": "sha256:9373e55da26ae4da02250543e94a5d1918e3cc7bda197c98ed712c21919a6780",
    "voipbin/voip-asterisk-proxy": "sha256:be76507cb26cca237e5031e26019601579d6c35013d5d499a6e9128cbfbaade4",
    "voipbin/voip-asterisk-registrar": "sha256:8e008c0704c9eee46e2675e69cbc9766fd1f5bdaebd58ecd029a2a135ea42466",
    "voipbin/voip-kamailio": "sha256:68657d319fa71169e0709f9712467a6916f76c02be7f5c10028737fc78fcee93",
    "voipbin/voip-rtpengine": "sha256:795adc2c6232af184267e6d4fc21ce87c32c285333a27273885ebe4a32c508de"
  },
  "image_source_tags": {
    "voipbin/bin-agent-manager": "d831bb76c3c8a8c56281f420d8aecbd3107f645f",
    "voipbin/bin-ai-manager": "d831bb76c3c8a8c56281f420d8aecbd3107f645f",
    "voipbin/bin-api-manager": "d831bb76c3c8a8c56281f420d8aecbd3107f645f",
    "voipbin/bin-billing-manager": "d831bb76c3c8a8c56281f420d8aecbd3107f645f",
    "voipbin/bin-call-manager": "d831bb76c3c8a8c56281f420d8aecbd3107f645f",
    "voipbin/bin-campaign-manager": "d831bb76c3c8a8c56281f420d8aecbd3107f645f",
    "voipbin/bin-conference-manager": "d831bb76c3c8a8c56281f420d8aecbd3107f645f",
    "voipbin/bin-contact-manager": "d831bb76c3c8a8c56281f420d8aecbd3107f645f",
    "voipbin/bin-conversation-manager": "d831bb76c3c8a8c56281f420d8aecbd3107f645f",
    "voipbin/bin-customer-manager": "d831bb76c3c8a8c56281f420d8aecbd3107f645f",
    "voipbin/bin-direct-manager": "d831bb76c3c8a8c56281f420d8aecbd3107f645f",
    "voipbin/bin-email-manager": "d831bb76c3c8a8c56281f420d8aecbd3107f645f",
    "voipbin/bin-flow-manager": "d831bb76c3c8a8c56281f420d8aecbd3107f645f",
    "voipbin/bin-hook-manager": "d831bb76c3c8a8c56281f420d8aecbd3107f645f",
    "voipbin/bin-message-manager": "d831bb76c3c8a8c56281f420d8aecbd3107f645f",
    "voipbin/bin-number-manager": "d831bb76c3c8a8c56281f420d8aecbd3107f645f",
    "voipbin/bin-outdial-manager": "d831bb76c3c8a8c56281f420d8aecbd3107f645f",
    "voipbin/bin-pipecat-manager": "d831bb76c3c8a8c56281f420d8aecbd3107f645f",
    "voipbin/bin-queue-manager": "d831bb76c3c8a8c56281f420d8aecbd3107f645f",
    "voipbin/bin-rag-manager": "d831bb76c3c8a8c56281f420d8aecbd3107f645f",
    "voipbin/bin-registrar-manager": "d831bb76c3c8a8c56281f420d8aecbd3107f645f",
    "voipbin/bin-route-manager": "d831bb76c3c8a8c56281f420d8aecbd3107f645f",
    "voipbin/bin-schedule-manager": "d831bb76c3c8a8c56281f420d8aecbd3107f645f",
    "voipbin/bin-sentinel-manager": "d831bb76c3c8a8c56281f420d8aecbd3107f645f",
    "voipbin/bin-storage-manager": "d831bb76c3c8a8c56281f420d8aecbd3107f645f",
    "voipbin/bin-tag-manager": "d831bb76c3c8a8c56281f420d8aecbd3107f645f",
    "voipbin/bin-talk-manager": "d831bb76c3c8a8c56281f420d8aecbd3107f645f",
    "voipbin/bin-timeline-manager": "d831bb76c3c8a8c56281f420d8aecbd3107f645f",
    "voipbin/bin-transcribe-manager": "d831bb76c3c8a8c56281f420d8aecbd3107f645f",
    "voipbin/bin-transfer-manager": "d831bb76c3c8a8c56281f420d8aecbd3107f645f",
    "voipbin/bin-tts-manager": "d831bb76c3c8a8c56281f420d8aecbd3107f645f",
    "voipbin/bin-webchat-manager": "d831bb76c3c8a8c56281f420d8aecbd3107f645f",
    "voipbin/bin-webhook-manager": "d831bb76c3c8a8c56281f420d8aecbd3107f645f",
    "voipbin/square-admin": "fc883fd9d4dd033997ff6217fd72624ee734e5c2",
    "voipbin/square-meet": "8f15d5b48f47aa3f3e491a6ee044e0543c1874d0",
    "voipbin/square-talk": "2825980a9efe9d5598dcfd434c29ed2f0f8a3e20",
    "voipbin/voip-asterisk-call": "3f3e54bf6b6a99ff7a8f1e6beb8992cf7560a548",
    "voipbin/voip-asterisk-conference": "3f3e54bf6b6a99ff7a8f1e6beb8992cf7560a548",
    "voipbin/voip-asterisk-proxy": "d831bb76c3c8a8c56281f420d8aecbd3107f645f",
    "voipbin/voip-asterisk-registrar": "3f3e54bf6b6a99ff7a8f1e6beb8992cf7560a548",
    "voipbin/voip-kamailio": "8119b7a99acda936fe515ac8e729fa35f343abce",
    "voipbin/voip-rtpengine": "f585f6a3639fcd47a32c81c6bb891764c978ab74"
  },
  "note_separate_repos": [
    "square-*",
    "voip-* (asterisk/kamailio/rtpengine) are built from separate repos; pinned by timestamp proximity to 2026-02-20, not monorepo ancestry"
  ]
}
